Microsoft Visual Studio Solution File, Format Version 12.00
# Visual Studio Version 17
VisualStudioVersion = 17.5.2.0
MinimumVisualStudioVersion = 10.0.40219.1
Project("{FAE04EC0-301F-11D3-BF4B-00C04F79EFBC}") = "signalR", "signalR.csproj", "{80039096-AB70-FF13-140B-8AF0AA88818C}"
EndProject
Global
	GlobalSection(SolutionConfigurationPlatforms) = preSolution
		Debug|Any CPU = Debug|Any CPU
		Release|Any CPU = Release|Any CPU
	EndGlobalSection
	GlobalSection(ProjectConfigurationPlatforms) = postSolution
		{80039096-AB70-FF13-140B-8AF0AA88818C}.Debug|Any CPU.ActiveCfg = Debug|Any CPU
		{80039096-AB70-FF13-140B-8AF0AA88818C}.Debug|Any CPU.Build.0 = Debug|Any CPU
		{80039096-AB70-FF13-140B-8AF0AA88818C}.Release|Any CPU.ActiveCfg = Release|Any CPU
		{80039096-AB70-FF13-140B-8AF0AA88818C}.Release|Any CPU.Build.0 = Release|Any CPU
	EndGlobalSection
	GlobalSection(SolutionProperties) = preSolution
		HideSolutionNode = FALSE
	EndGlobalSection
	GlobalSection(ExtensibilityGlobals) = postSolution
		SolutionGuid = {D3F23046-C2B7-48E9-B2C8-F3FFB9C08E28}
	EndGlobalSection
EndGlobal
